
Microsoft Visual Studio Solution File, Format Version 12.00
# Visual Studio Version 16
VisualStudioVersion = 16.0.29418.71
MinimumVisualStudioVersion = 10.0.40219.1
Project("{FAE04EC0-301F-11D3-BF4B-00C04F79EFBC}") = "Hangman finnish", "Hangman finnish\Hangman finnish.csproj", "{9AF96D66-4729-4E78-9E95-08FC0F93B0F5}"
EndProject
Global
	GlobalSection(SolutionConfigurationPlatforms) = preSolution
		Debug|Any CPU = Debug|Any CPU
		Release|Any CPU = Release|Any CPU
	EndGlobalSection
	GlobalSection(ProjectConfigurationPlatforms) = postSolution
		{9AF96D66-4729-4E78-9E95-08FC0F93B0F5}.Debug|Any CPU.ActiveCfg = Debug|Any CPU
		{9AF96D66-4729-4E78-9E95-08FC0F93B0F5}.Debug|Any CPU.Build.0 = Debug|Any CPU
		{9AF96D66-4729-4E78-9E95-08FC0F93B0F5}.Release|Any CPU.ActiveCfg = Release|Any CPU
		{9AF96D66-4729-4E78-9E95-08FC0F93B0F5}.Release|Any CPU.Build.0 = Release|Any CPU
	EndGlobalSection
	GlobalSection(SolutionProperties) = preSolution
		HideSolutionNode = FALSE
	EndGlobalSection
	GlobalSection(ExtensibilityGlobals) = postSolution
		SolutionGuid = {CB546BFD-34B9-4499-8A49-A15EA6813C2F}
	EndGlobalSection
EndGlobal
